
Microsoft Visual Studio Solution File, Format Version 12.00
# Visual Studio 2013
VisualStudioVersion = 12.0.30501.0
MinimumVisualStudioVersion = 10.0.40219.1
Project("{FAE04EC0-301F-11D3-BF4B-00C04F79EFBC}") = "Alternative", "Alternative.csproj", "{93803B42-A9C7-4E73-A481-730D373DF6EF}"
EndProject
Global
	GlobalSection(SolutionConfigurationPlatforms) = preSolution
		Debug|Any CPU = Debug|Any CPU
		Release|Any CPU = Release|Any CPU
	EndGlobalSection
	GlobalSection(ProjectConfigurationPlatforms) = postSolution
		{93803B42-A9C7-4E73-A481-730D373DF6EF}.Debug|Any CPU.ActiveCfg = Release|Any CPU
		{93803B42-A9C7-4E73-A481-730D373DF6EF}.Debug|Any CPU.Build.0 = Release|Any CPU
		{93803B42-A9C7-4E73-A481-730D373DF6EF}.Release|Any CPU.ActiveCfg = Release|Any CPU
		{93803B42-A9C7-4E73-A481-730D373DF6EF}.Release|Any CPU.Build.0 = Release|Any CPU
	EndGlobalSection
	GlobalSection(SolutionProperties) = preSolution
		HideSolutionNode = FALSE
	EndGlobalSection
EndGlobal
